
Microsoft Visual Studio Solution File, Format Version 12.00
# Visual Studio Version 16
VisualStudioVersion = 16.0.30907.101
MinimumVisualStudioVersion = 10.0.40219.1
Project("{FAE04EC0-301F-11D3-BF4B-00C04F79EFBC}") = "MineSweeper_mcassin", "MineSweeper_mcassin\MineSweeper_mcassin.csproj", "{2B93F1AB-25DC-409B-A825-855C04DF9177}"
EndProject
Global
	GlobalSection(SolutionConfigurationPlatforms) = preSolution
		Debug|Any CPU = Debug|Any CPU
		Release|Any CPU = Release|Any CPU
	EndGlobalSection
	GlobalSection(ProjectConfigurationPlatforms) = postSolution
		{2B93F1AB-25DC-409B-A825-855C04DF9177}.Debug|Any CPU.ActiveCfg = Debug|Any CPU
		{2B93F1AB-25DC-409B-A825-855C04DF9177}.Debug|Any CPU.Build.0 = Debug|Any CPU
		{2B93F1AB-25DC-409B-A825-855C04DF9177}.Release|Any CPU.ActiveCfg = Release|Any CPU
		{2B93F1AB-25DC-409B-A825-855C04DF9177}.Release|Any CPU.Build.0 = Release|Any CPU
	EndGlobalSection
	GlobalSection(SolutionProperties) = preSolution
		HideSolutionNode = FALSE
	EndGlobalSection
	GlobalSection(ExtensibilityGlobals) = postSolution
		SolutionGuid = {3DCA2A08-4F62-4090-992E-229E4E05C223}
	EndGlobalSection
EndGlobal
